
Microsoft Visual Studio Solution File, Format Version 12.00
# Visual Studio Version 17
VisualStudioVersion = 17.14.36401.2 d17.14
MinimumVisualStudioVersion = 10.0.40219.1
Project("{FAE04EC0-301F-11D3-BF4B-00C04F79EFBC}") = "ConsoleMethodOne", "ConsoleMethodOne\ConsoleMethodOne.csproj", "{C334765F-0815-48D0-9AFF-782D9AB62A40}"
EndProject
Project("{FAE04EC0-301F-11D3-BF4B-00C04F79EFBC}") = "SumOfElementsInArray", "SumOfElementsInArray\SumOfElementsInArray.csproj", "{73AE89DA-86B4-4117-B5C0-F319E00CEF99}"
EndProject
Project("{FAE04EC0-301F-11D3-BF4B-00C04F79EFBC}") = "SwapTwo", "SwapTwo\SwapTwo.csproj", "{6DAC0DAE-7414-4847-BA91-A54F4CBE1A47}"
EndProject
Project("{FAE04EC0-301F-11D3-BF4B-00C04F79EFBC}") = "Fibonacci", "Fibonacci\Fibonacci.csproj", "{07DF1C61-F594-4C14-865D-1E292FFB6523}"
EndProject
Project("{FAE04EC0-301F-11D3-BF4B-00C04F79EFBC}") = "CheckPrime", "CheckPrime\CheckPrime.csproj", "{94B8DDFD-BDB8-40C8-9B1B-4B6C3958DD62}"
EndProject
Project("{FAE04EC0-301F-11D3-BF4B-00C04F79EFBC}") = "SumofIndividualNumber", "SumofIndividualNumber\SumofIndividualNumber.csproj", "{E5BE7D9A-217D-4309-871E-56035A72706F}"
EndProject
Project("{FAE04EC0-301F-11D3-BF4B-00C04F79EFBC}") = "FindIndividualDigit", "FindIndividualDigit\FindIndividualDigit.csproj", "{AF0DF216-ADE0-4CB7-B1D8-C92B4022EA33}"
EndProject
Project("{FAE04EC0-301F-11D3-BF4B-00C04F79EFBC}") = "RecursionEvenOrOdd", "RecursionEvenOrOdd\RecursionEvenOrOdd.csproj", "{705F0E1C-7212-4EEE-B05E-E1A4B6BE7EB4}"
EndProject
Global
	GlobalSection(SolutionConfigurationPlatforms) = preSolution
		Debug|Any CPU = Debug|Any CPU
		Release|Any CPU = Release|Any CPU
	EndGlobalSection
	GlobalSection(ProjectConfigurationPlatforms) = postSolution
		{C334765F-0815-48D0-9AFF-782D9AB62A40}.Debug|Any CPU.ActiveCfg = Debug|Any CPU
		{C334765F-0815-48D0-9AFF-782D9AB62A40}.Debug|Any CPU.Build.0 = Debug|Any CPU
		{C334765F-0815-48D0-9AFF-782D9AB62A40}.Release|Any CPU.ActiveCfg = Release|Any CPU
		{C334765F-0815-48D0-9AFF-782D9AB62A40}.Release|Any CPU.Build.0 = Release|Any CPU
		{73AE89DA-86B4-4117-B5C0-F319E00CEF99}.Debug|Any CPU.ActiveCfg = Debug|Any CPU
		{73AE89DA-86B4-4117-B5C0-F319E00CEF99}.Debug|Any CPU.Build.0 = Debug|Any CPU
		{73AE89DA-86B4-4117-B5C0-F319E00CEF99}.Release|Any CPU.ActiveCfg = Release|Any CPU
		{73AE89DA-86B4-4117-B5C0-F319E00CEF99}.Release|Any CPU.Build.0 = Release|Any CPU
		{6DAC0DAE-7414-4847-BA91-A54F4CBE1A47}.Debug|Any CPU.ActiveCfg = Debug|Any CPU
		{6DAC0DAE-7414-4847-BA91-A54F4CBE1A47}.Debug|Any CPU.Build.0 = Debug|Any CPU
		{6DAC0DAE-7414-4847-BA91-A54F4CBE1A47}.Release|Any CPU.ActiveCfg = Release|Any CPU
		{6DAC0DAE-7414-4847-BA91-A54F4CBE1A47}.Release|Any CPU.Build.0 = Release|Any CPU
		{07DF1C61-F594-4C14-865D-1E292FFB6523}.Debug|Any CPU.ActiveCfg = Debug|Any CPU
		{07DF1C61-F594-4C14-865D-1E292FFB6523}.Debug|Any CPU.Build.0 = Debug|Any CPU
		{07DF1C61-F594-4C14-865D-1E292FFB6523}.Release|Any CPU.ActiveCfg = Release|Any CPU
		{07DF1C61-F594-4C14-865D-1E292FFB6523}.Release|Any CPU.Build.0 = Release|Any CPU
		{94B8DDFD-BDB8-40C8-9B1B-4B6C3958DD62}.Debug|Any CPU.ActiveCfg = Debug|Any CPU
		{94B8DDFD-BDB8-40C8-9B1B-4B6C3958DD62}.Debug|Any CPU.Build.0 = Debug|Any CPU
		{94B8DDFD-BDB8-40C8-9B1B-4B6C3958DD62}.Release|Any CPU.ActiveCfg = Release|Any CPU
		{94B8DDFD-BDB8-40C8-9B1B-4B6C3958DD62}.Release|Any CPU.Build.0 = Release|Any CPU
		{E5BE7D9A-217D-4309-871E-56035A72706F}.Debug|Any CPU.ActiveCfg = Debug|Any CPU
		{E5BE7D9A-217D-4309-871E-56035A72706F}.Debug|Any CPU.Build.0 = Debug|Any CPU
		{E5BE7D9A-217D-4309-871E-56035A72706F}.Release|Any CPU.ActiveCfg = Release|Any CPU
		{E5BE7D9A-217D-4309-871E-56035A72706F}.Release|Any CPU.Build.0 = Release|Any CPU
		{AF0DF216-ADE0-4CB7-B1D8-C92B4022EA33}.Debug|Any CPU.ActiveCfg = Debug|Any CPU
		{AF0DF216-ADE0-4CB7-B1D8-C92B4022EA33}.Debug|Any CPU.Build.0 = Debug|Any CPU
		{AF0DF216-ADE0-4CB7-B1D8-C92B4022EA33}.Release|Any CPU.ActiveCfg = Release|Any CPU
		{AF0DF216-ADE0-4CB7-B1D8-C92B4022EA33}.Release|Any CPU.Build.0 = Release|Any CPU
		{705F0E1C-7212-4EEE-B05E-E1A4B6BE7EB4}.Debug|Any CPU.ActiveCfg = Debug|Any CPU
		{705F0E1C-7212-4EEE-B05E-E1A4B6BE7EB4}.Debug|Any CPU.Build.0 = Debug|Any CPU
		{705F0E1C-7212-4EEE-B05E-E1A4B6BE7EB4}.Release|Any CPU.ActiveCfg = Release|Any CPU
		{705F0E1C-7212-4EEE-B05E-E1A4B6BE7EB4}.Release|Any CPU.Build.0 = Release|Any CPU
	EndGlobalSection
	GlobalSection(SolutionProperties) = preSolution
		HideSolutionNode = FALSE
	EndGlobalSection
	GlobalSection(ExtensibilityGlobals) = postSolution
		SolutionGuid = {1836D7AF-E120-4D0C-B78D-2C85758D791A}
	EndGlobalSection
EndGlobal
