
Microsoft Visual Studio Solution File, Format Version 12.00
# Visual Studio Version 17
VisualStudioVersion = 17.14.36401.2
MinimumVisualStudioVersion = 10.0.40219.1
Project("{FAE04EC0-301F-11D3-BF4B-00C04F79EFBC}") = "Assignment3A", "Assignment3a\Assignment3A.csproj", "{56316493-FBD2-4225-9EB9-67DAC0BAAFFB}"
EndProject
Project("{FAE04EC0-301F-11D3-BF4B-00C04F79EFBC}") = "Assignment3B", "Assignment3b\Assignment3B.csproj", "{F8A8D9BC-70D1-4E74-9D41-34F81F533251}"
EndProject
Project("{FAE04EC0-301F-11D3-BF4B-00C04F79EFBC}") = "Assigment3C", "assigment3c\Assigment3C.csproj", "{3C86AEB9-57C2-4A88-8C40-F24DAF6D172F}"
EndProject
Project("{FAE04EC0-301F-11D3-BF4B-00C04F79EFBC}") = "Assignment3D", "Assignment3d\Assignment3D.csproj", "{BA9B58CA-0763-4944-B32A-6DB4C5AE4219}"
EndProject
Project("{FAE04EC0-301F-11D3-BF4B-00C04F79EFBC}") = "FibonacciSeries", "Assigment3e\FibonacciSeries.csproj", "{CE017A34-E3A8-4AE3-ABBC-350BDEDB3FB2}"
EndProject
Project("{FAE04EC0-301F-11D3-BF4B-00C04F79EFBC}") = "Pallindrome", "Pallindrome\Pallindrome.csproj", "{AC095369-1507-40DB-95F0-D4467FB51E7A}"
EndProject
Project("{FAE04EC0-301F-11D3-BF4B-00C04F79EFBC}") = "PatternbyAlphabet", "PatternbyAlphabet\PatternbyAlphabet.csproj", "{2E23C575-CA91-4061-9590-8427079E01C4}"
EndProject
Project("{FAE04EC0-301F-11D3-BF4B-00C04F79EFBC}") = "Assignment3H", "Assignment3h\Assignment3H.csproj", "{E1FE260C-B988-470B-BAD2-642F851AB3A6}"
EndProject
Project("{FAE04EC0-301F-11D3-BF4B-00C04F79EFBC}") = "Assignment3I", "Assignment3i\Assignment3I.csproj", "{80E12C08-48C7-47BF-8A0E-9D88BB20B6C2}"
EndProject
Project("{FAE04EC0-301F-11D3-BF4B-00C04F79EFBC}") = "Assignment3J", "Assignment3j\Assignment3J.csproj", "{C17DF7F4-869B-4AEA-AE78-28CDB66BE217}"
EndProject
Project("{FAE04EC0-301F-11D3-BF4B-00C04F79EFBC}") = "StrongNumber", "StrongNumber\StrongNumber.csproj", "{C61C360C-47EC-4517-BBE4-9261BDA35BF4}"
EndProject
Project("{FAE04EC0-301F-11D3-BF4B-00C04F79EFBC}") = "PatternA", "PatternA\PatternA.csproj", "{67B5D24B-47E1-4F6D-986A-3CA9C318CE01}"
EndProject
Global
	GlobalSection(SolutionConfigurationPlatforms) = preSolution
		Debug|Any CPU = Debug|Any CPU
		Release|Any CPU = Release|Any CPU
	EndGlobalSection
	GlobalSection(ProjectConfigurationPlatforms) = postSolution
		{56316493-FBD2-4225-9EB9-67DAC0BAAFFB}.Debug|Any CPU.ActiveCfg = Debug|Any CPU
		{56316493-FBD2-4225-9EB9-67DAC0BAAFFB}.Debug|Any CPU.Build.0 = Debug|Any CPU
		{56316493-FBD2-4225-9EB9-67DAC0BAAFFB}.Release|Any CPU.ActiveCfg = Release|Any CPU
		{56316493-FBD2-4225-9EB9-67DAC0BAAFFB}.Release|Any CPU.Build.0 = Release|Any CPU
		{F8A8D9BC-70D1-4E74-9D41-34F81F533251}.Debug|Any CPU.ActiveCfg = Debug|Any CPU
		{F8A8D9BC-70D1-4E74-9D41-34F81F533251}.Debug|Any CPU.Build.0 = Debug|Any CPU
		{F8A8D9BC-70D1-4E74-9D41-34F81F533251}.Release|Any CPU.ActiveCfg = Release|Any CPU
		{F8A8D9BC-70D1-4E74-9D41-34F81F533251}.Release|Any CPU.Build.0 = Release|Any CPU
		{3C86AEB9-57C2-4A88-8C40-F24DAF6D172F}.Debug|Any CPU.ActiveCfg = Debug|Any CPU
		{3C86AEB9-57C2-4A88-8C40-F24DAF6D172F}.Debug|Any CPU.Build.0 = Debug|Any CPU
		{3C86AEB9-57C2-4A88-8C40-F24DAF6D172F}.Release|Any CPU.ActiveCfg = Release|Any CPU
		{3C86AEB9-57C2-4A88-8C40-F24DAF6D172F}.Release|Any CPU.Build.0 = Release|Any CPU
		{BA9B58CA-0763-4944-B32A-6DB4C5AE4219}.Debug|Any CPU.ActiveCfg = Debug|Any CPU
		{BA9B58CA-0763-4944-B32A-6DB4C5AE4219}.Debug|Any CPU.Build.0 = Debug|Any CPU
		{BA9B58CA-0763-4944-B32A-6DB4C5AE4219}.Release|Any CPU.ActiveCfg = Release|Any CPU
		{BA9B58CA-0763-4944-B32A-6DB4C5AE4219}.Release|Any CPU.Build.0 = Release|Any CPU
		{CE017A34-E3A8-4AE3-ABBC-350BDEDB3FB2}.Debug|Any CPU.ActiveCfg = Debug|Any CPU
		{CE017A34-E3A8-4AE3-ABBC-350BDEDB3FB2}.Debug|Any CPU.Build.0 = Debug|Any CPU
		{CE017A34-E3A8-4AE3-ABBC-350BDEDB3FB2}.Release|Any CPU.ActiveCfg = Release|Any CPU
		{CE017A34-E3A8-4AE3-ABBC-350BDEDB3FB2}.Release|Any CPU.Build.0 = Release|Any CPU
		{AC095369-1507-40DB-95F0-D4467FB51E7A}.Debug|Any CPU.ActiveCfg = Debug|Any CPU
		{AC095369-1507-40DB-95F0-D4467FB51E7A}.Debug|Any CPU.Build.0 = Debug|Any CPU
		{AC095369-1507-40DB-95F0-D4467FB51E7A}.Release|Any CPU.ActiveCfg = Release|Any CPU
		{AC095369-1507-40DB-95F0-D4467FB51E7A}.Release|Any CPU.Build.0 = Release|Any CPU
		{2E23C575-CA91-4061-9590-8427079E01C4}.Debug|Any CPU.ActiveCfg = Debug|Any CPU
		{2E23C575-CA91-4061-9590-8427079E01C4}.Debug|Any CPU.Build.0 = Debug|Any CPU
		{2E23C575-CA91-4061-9590-8427079E01C4}.Release|Any CPU.ActiveCfg = Release|Any CPU
		{2E23C575-CA91-4061-9590-8427079E01C4}.Release|Any CPU.Build.0 = Release|Any CPU
		{E1FE260C-B988-470B-BAD2-642F851AB3A6}.Debug|Any CPU.ActiveCfg = Debug|Any CPU
		{E1FE260C-B988-470B-BAD2-642F851AB3A6}.Debug|Any CPU.Build.0 = Debug|Any CPU
		{E1FE260C-B988-470B-BAD2-642F851AB3A6}.Release|Any CPU.ActiveCfg = Release|Any CPU
		{E1FE260C-B988-470B-BAD2-642F851AB3A6}.Release|Any CPU.Build.0 = Release|Any CPU
		{80E12C08-48C7-47BF-8A0E-9D88BB20B6C2}.Debug|Any CPU.ActiveCfg = Debug|Any CPU
		{80E12C08-48C7-47BF-8A0E-9D88BB20B6C2}.Debug|Any CPU.Build.0 = Debug|Any CPU
		{80E12C08-48C7-47BF-8A0E-9D88BB20B6C2}.Release|Any CPU.ActiveCfg = Release|Any CPU
		{80E12C08-48C7-47BF-8A0E-9D88BB20B6C2}.Release|Any CPU.Build.0 = Release|Any CPU
		{C17DF7F4-869B-4AEA-AE78-28CDB66BE217}.Debug|Any CPU.ActiveCfg = Debug|Any CPU
		{C17DF7F4-869B-4AEA-AE78-28CDB66BE217}.Debug|Any CPU.Build.0 = Debug|Any CPU
		{C17DF7F4-869B-4AEA-AE78-28CDB66BE217}.Release|Any CPU.ActiveCfg = Release|Any CPU
		{C17DF7F4-869B-4AEA-AE78-28CDB66BE217}.Release|Any CPU.Build.0 = Release|Any CPU
		{C61C360C-47EC-4517-BBE4-9261BDA35BF4}.Debug|Any CPU.ActiveCfg = Debug|Any CPU
		{C61C360C-47EC-4517-BBE4-9261BDA35BF4}.Debug|Any CPU.Build.0 = Debug|Any CPU
		{C61C360C-47EC-4517-BBE4-9261BDA35BF4}.Release|Any CPU.ActiveCfg = Release|Any CPU
		{C61C360C-47EC-4517-BBE4-9261BDA35BF4}.Release|Any CPU.Build.0 = Release|Any CPU
		{67B5D24B-47E1-4F6D-986A-3CA9C318CE01}.Debug|Any CPU.ActiveCfg = Debug|Any CPU
		{67B5D24B-47E1-4F6D-986A-3CA9C318CE01}.Debug|Any CPU.Build.0 = Debug|Any CPU
		{67B5D24B-47E1-4F6D-986A-3CA9C318CE01}.Release|Any CPU.ActiveCfg = Release|Any CPU
		{67B5D24B-47E1-4F6D-986A-3CA9C318CE01}.Release|Any CPU.Build.0 = Release|Any CPU
	EndGlobalSection
	GlobalSection(SolutionProperties) = preSolution
		HideSolutionNode = FALSE
	EndGlobalSection
	GlobalSection(ExtensibilityGlobals) = postSolution
		SolutionGuid = {51340E8B-9237-4018-AF0C-D5128B842CFC}
	EndGlobalSection
EndGlobal
