
Microsoft Visual Studio Solution File, Format Version 12.00
# Visual Studio Version 17
VisualStudioVersion = 17.14.36414.22 d17.14
MinimumVisualStudioVersion = 10.0.40219.1
Project("{FAE04EC0-301F-11D3-BF4B-00C04F79EFBC}") = "ConsoleAppAbstract", "ConsoleAppAbstract\ConsoleAppAbstract.csproj", "{EAB2DD91-A00A-4178-98B8-B39E3AA796AB}"
EndProject
Project("{FAE04EC0-301F-11D3-BF4B-00C04F79EFBC}") = "Myanimals", "Myanimals\Myanimals.csproj", "{81093C8E-510B-4561-AFCE-9B8D8817BB48}"
EndProject
Project("{FAE04EC0-301F-11D3-BF4B-00C04F79EFBC}") = "ConsoleAppAnimals", "ConsoleAppAnimals\ConsoleAppAnimals.csproj", "{9BB6F6F5-40ED-4C08-8DB0-9FDC5BA56D6E}"
EndProject
Project("{FAE04EC0-301F-11D3-BF4B-00C04F79EFBC}") = "ConsoleAppAnimalsTwo", "ConsoleAppAnimalsTwo\ConsoleAppAnimalsTwo.csproj", "{D46CE30A-5AEE-4CE3-A032-80DD99C40B2F}"
EndProject
Project("{FAE04EC0-301F-11D3-BF4B-00C04F79EFBC}") = "ConsoleAppReference", "ConsoleAppReference\ConsoleAppReference.csproj", "{47BFA02B-AC4F-4124-BF81-2F5A9718BB30}"
EndProject
Project("{FAE04EC0-301F-11D3-BF4B-00C04F79EFBC}") = "ConsoleAppAnimalHierarchy", "ConsoleAppAnimalHierarchy\ConsoleAppAnimalHierarchy.csproj", "{FC9E7BE1-D33A-4AA4-94E1-8B869C49D0A2}"
EndProject
Global
	GlobalSection(SolutionConfigurationPlatforms) = preSolution
		Debug|Any CPU = Debug|Any CPU
		Release|Any CPU = Release|Any CPU
	EndGlobalSection
	GlobalSection(ProjectConfigurationPlatforms) = postSolution
		{EAB2DD91-A00A-4178-98B8-B39E3AA796AB}.Debug|Any CPU.ActiveCfg = Debug|Any CPU
		{EAB2DD91-A00A-4178-98B8-B39E3AA796AB}.Debug|Any CPU.Build.0 = Debug|Any CPU
		{EAB2DD91-A00A-4178-98B8-B39E3AA796AB}.Release|Any CPU.ActiveCfg = Release|Any CPU
		{EAB2DD91-A00A-4178-98B8-B39E3AA796AB}.Release|Any CPU.Build.0 = Release|Any CPU
		{81093C8E-510B-4561-AFCE-9B8D8817BB48}.Debug|Any CPU.ActiveCfg = Debug|Any CPU
		{81093C8E-510B-4561-AFCE-9B8D8817BB48}.Debug|Any CPU.Build.0 = Debug|Any CPU
		{81093C8E-510B-4561-AFCE-9B8D8817BB48}.Release|Any CPU.ActiveCfg = Release|Any CPU
		{81093C8E-510B-4561-AFCE-9B8D8817BB48}.Release|Any CPU.Build.0 = Release|Any CPU
		{9BB6F6F5-40ED-4C08-8DB0-9FDC5BA56D6E}.Debug|Any CPU.ActiveCfg = Debug|Any CPU
		{9BB6F6F5-40ED-4C08-8DB0-9FDC5BA56D6E}.Debug|Any CPU.Build.0 = Debug|Any CPU
		{9BB6F6F5-40ED-4C08-8DB0-9FDC5BA56D6E}.Release|Any CPU.ActiveCfg = Release|Any CPU
		{9BB6F6F5-40ED-4C08-8DB0-9FDC5BA56D6E}.Release|Any CPU.Build.0 = Release|Any CPU
		{D46CE30A-5AEE-4CE3-A032-80DD99C40B2F}.Debug|Any CPU.ActiveCfg = Debug|Any CPU
		{D46CE30A-5AEE-4CE3-A032-80DD99C40B2F}.Debug|Any CPU.Build.0 = Debug|Any CPU
		{D46CE30A-5AEE-4CE3-A032-80DD99C40B2F}.Release|Any CPU.ActiveCfg = Release|Any CPU
		{D46CE30A-5AEE-4CE3-A032-80DD99C40B2F}.Release|Any CPU.Build.0 = Release|Any CPU
		{47BFA02B-AC4F-4124-BF81-2F5A9718BB30}.Debug|Any CPU.ActiveCfg = Debug|Any CPU
		{47BFA02B-AC4F-4124-BF81-2F5A9718BB30}.Debug|Any CPU.Build.0 = Debug|Any CPU
		{47BFA02B-AC4F-4124-BF81-2F5A9718BB30}.Release|Any CPU.ActiveCfg = Release|Any CPU
		{47BFA02B-AC4F-4124-BF81-2F5A9718BB30}.Release|Any CPU.Build.0 = Release|Any CPU
		{FC9E7BE1-D33A-4AA4-94E1-8B869C49D0A2}.Debug|Any CPU.ActiveCfg = Debug|Any CPU
		{FC9E7BE1-D33A-4AA4-94E1-8B869C49D0A2}.Debug|Any CPU.Build.0 = Debug|Any CPU
		{FC9E7BE1-D33A-4AA4-94E1-8B869C49D0A2}.Release|Any CPU.ActiveCfg = Release|Any CPU
		{FC9E7BE1-D33A-4AA4-94E1-8B869C49D0A2}.Release|Any CPU.Build.0 = Release|Any CPU
	EndGlobalSection
	GlobalSection(SolutionProperties) = preSolution
		HideSolutionNode = FALSE
	EndGlobalSection
	GlobalSection(ExtensibilityGlobals) = postSolution
		SolutionGuid = {CACCD862-ED08-4D56-B7D5-F03FB96664E5}
	EndGlobalSection
EndGlobal
